// !$*UTF8*$!
{
	archiveVersion = 1;
	classes = {
	};
	objectVersion = 50;
	objects = {

/* Begin PBXBuildFile section */
		95860DED21B6D3B400D6E1B2 /* AppDelegate.swift in Sources */ = {isa = PBXBuildFile; fileRef = 95860DEC21B6D3B400D6E1B2 /* AppDelegate.swift */; };
		95860DF221B6D3B400D6E1B2 /* Main.storyboard in Resources */ = {isa = PBXBuildFile; fileRef = 95860DF021B6D3B400D6E1B2 /* Main.storyboard */; };
		95860DF421B6D3BD00D6E1B2 /* Assets.xcassets in Resources */ = {isa = PBXBuildFile; fileRef = 95860DF321B6D3BD00D6E1B2 /* Assets.xcassets */; };
		95860DF721B6D3BD00D6E1B2 /* LaunchScreen.storyboard in Resources */ = {isa = PBXBuildFile; fileRef = 95860DF521B6D3BD00D6E1B2 /* LaunchScreen.storyboard */; };
		95ED2BCD21B96D6A000EC340 /* AbstractionViewController.swift in Sources */ = {isa = PBXBuildFile; fileRef = 95ED2BCC21B96D6A000EC340 /* AbstractionViewController.swift */; };
/* End PBXBuildFile section */

/* Begin PBXFileReference section */
		95860DE921B6D3B400D6E1B2 /* Abstractions.app */ = {isa = PBXFileReference; explicitFileType = wrapper.application; includeInIndex = 0; path = Abstractions.app; sourceTree = BUILT_PRODUCTS_DIR; };
		95860DEC21B6D3B400D6E1B2 /* AppDelegate.swift */ = {isa = PBXFileReference; lastKnownFileType = sourcecode.swift; path = AppDelegate.swift; sourceTree = "<group>"; };
		95860DF121B6D3B400D6E1B2 /* Base */ = {isa = PBXFileReference; lastKnownFileType = file.storyboard; name = Base; path = Base.lproj/Main.storyboard; sourceTree = "<group>"; };
		95860DF321B6D3BD00D6E1B2 /* Assets.xcassets */ = {isa = PBXFileReference; lastKnownFileType = folder.assetcatalog; path = Assets.xcassets; sourceTree = "<group>"; };
		95860DF621B6D3BD00D6E1B2 /* Base */ = {isa = PBXFileReference; lastKnownFileType = file.storyboard; name = Base; path = Base.lproj/LaunchScreen.storyboard; sourceTree = "<group>"; };
		95860DF821B6D3BD00D6E1B2 /* Info.plist */ = {isa = PBXFileReference; lastKnownFileType = text.plist.xml; path = Info.plist; sourceTree = "<group>"; };
		95ED2BCC21B96D6A000EC340 /* AbstractionViewController.swift */ = {isa = PBXFileReference; lastKnownFileType = sourcecode.swift; path = AbstractionViewController.swift; sourceTree = "<group>"; };
/* End PBXFileReference section */

/* Begin PBXFrameworksBuildPhase section */
		95860DE621B6D3B400D6E1B2 /* Frameworks */ = {
			isa = PBXFrameworksBuildPhase;
			buildActionMask = 2147483647;
			files = (
			);
			runOnlyForDeploymentPostprocessing = 0;
		};
/* End PBXFrameworksBuildPhase section */

/* Begin PBXGroup section */
		95860DE021B6D3B400D6E1B2 = {
			isa = PBXGroup;
			children = (
				95860DEB21B6D3B400D6E1B2 /* Abstractions */,
				95860DEA21B6D3B400D6E1B2 /* Products */,
			);
			sourceTree = "<group>";
		};
		95860DEA21B6D3B400D6E1B2 /* Products */ = {
			isa = PBXGroup;
			children = (
				95860DE921B6D3B400D6E1B2 /* Abstractions.app */,
			);
			name = Products;
			sourceTree = "<group>";
		};
		95860DEB21B6D3B400D6E1B2 /* Abstractions */ = {
			isa = PBXGroup;
			children = (
				95860DFE21B6D3CA00D6E1B2 /* Resources */,
				95860DFF21B6D3D800D6E1B2 /* Controller */,
				95860E0021B6D3E200D6E1B2 /* View */,
			);
			path = Abstractions;
			sourceTree = "<group>";
		};
		95860DFE21B6D3CA00D6E1B2 /* Resources */ = {
			isa = PBXGroup;
			children = (
				95860DEC21B6D3B400D6E1B2 /* AppDelegate.swift */,
				95860DF321B6D3BD00D6E1B2 /* Assets.xcassets */,
				95860DF821B6D3BD00D6E1B2 /* Info.plist */,
			);
			path = Resources;
			sourceTree = "<group>";
		};
		95860DFF21B6D3D800D6E1B2 /* Controller */ = {
			isa = PBXGroup;
			children = (
				95ED2BCC21B96D6A000EC340 /* AbstractionViewController.swift */,
			);
			path = Controller;
			sourceTree = "<group>";
		};
		95860E0021B6D3E200D6E1B2 /* View */ = {
			isa = PBXGroup;
			children = (
				95860DF021B6D3B400D6E1B2 /* Main.storyboard */,
				95860DF521B6D3BD00D6E1B2 /* LaunchScreen.storyboard */,
			);
			path = View;
			sourceTree = "<group>";
		};
/* End PBXGroup section */

/* Begin PBXNativeTarget section */
		95860DE821B6D3B400D6E1B2 /* Abstractions */ = {
			isa = PBXNativeTarget;
			buildConfigurationList = 95860DFB21B6D3BD00D6E1B2 /* Build configuration list for PBXNativeTarget "Abstractions" */;
			buildPhases = (
				95860DE521B6D3B400D6E1B2 /* Sources */,
				95860DE621B6D3B400D6E1B2 /* Frameworks */,
				95860DE721B6D3B400D6E1B2 /* Resources */,
			);
			buildRules = (
			);
			dependencies = (
			);
			name = Abstractions;
			productName = Abstractions;
			productReference = 95860DE921B6D3B400D6E1B2 /* Abstractions.app */;
			productType = "com.apple.product-type.application";
		};
/* End PBXNativeTarget section */

/* Begin PBXProject section */
		95860DE121B6D3B400D6E1B2 /* Project object */ = {
			isa = PBXProject;
			attributes = {
				LastSwiftUpdateCheck = 1000;
				LastUpgradeCheck = 1000;
				ORGANIZATIONNAME = CTEC;
				TargetAttributes = {
					95860DE821B6D3B400D6E1B2 = {
						CreatedOnToolsVersion = 10.0;
					};
				};
			};
			buildConfigurationList = 95860DE421B6D3B400D6E1B2 /* Build configuration list for PBXProject "Abstractions" */;
			compatibilityVersion = "Xcode 9.3";
			developmentRegion = en;
			hasScannedForEncodings = 0;
			knownRegions = (
				en,
				Base,
			);
			mainGroup = 95860DE021B6D3B400D6E1B2;
			productRefGroup = 95860DEA21B6D3B400D6E1B2 /* Products */;
			projectDirPath = "";
			projectRoot = "";
			targets = (
				95860DE821B6D3B400D6E1B2 /* Abstractions */,
			);
		};
/* End PBXProject section */

/* Begin PBXResourcesBuildPhase section */
		95860DE721B6D3B400D6E1B2 /* Resources */ = {
			isa = PBXResourcesBuildPhase;
			buildActionMask = 2147483647;
			files = (
				95860DF721B6D3BD00D6E1B2 /* LaunchScreen.storyboard in Resources */,
				95860DF421B6D3BD00D6E1B2 /* Assets.xcassets in Resources */,
				95860DF221B6D3B400D6E1B2 /* Main.storyboard in Resources */,
			);
			runOnlyForDeploymentPostprocessing = 0;
		};
/* End PBXResourcesBuildPhase section */

/* Begin PBXSourcesBuildPhase section */
		95860DE521B6D3B400D6E1B2 /* Sources */ = {
			isa = PBXSourcesBuildPhase;
			buildActionMask = 2147483647;
			files = (
				95860DED21B6D3B400D6E1B2 /* AppDelegate.swift in Sources */,
				95ED2BCD21B96D6A000EC340 /* AbstractionViewController.swift in Sources */,
			);
			runOnlyForDeploymentPostprocessing = 0;
		};
/* End PBXSourcesBuildPhase section */

/* Begin PBXVariantGroup section */
		95860DF021B6D3B400D6E1B2 /* Main.storyboard */ = {
			isa = PBXVariantGroup;
			children = (
				95860DF121B6D3B400D6E1B2 /* Base */,
			);
			name = Main.storyboard;
			sourceTree = "<group>";
		};
		95860DF521B6D3BD00D6E1B2 /* LaunchScreen.storyboard */ = {
			isa = PBXVariantGroup;
			children = (
				95860DF621B6D3BD00D6E1B2 /* Base */,
			);
			name = LaunchScreen.storyboard;
			sourceTree = "<group>";
		};
/* End PBXVariantGroup section */

/* Begin XCBuildConfiguration section */
		95860DF921B6D3BD00D6E1B2 /* Debug */ = {
			isa = XCBuildConfiguration;
			buildSettings = {
				ALWAYS_SEARCH_USER_PATHS = NO;
				CLANG_ANALYZER_NONNULL = YES;
				CLANG_ANALYZER_NUMBER_OBJECT_CONVERSION = YES_AGGRESSIVE;
				CLANG_CXX_LANGUAGE_STANDARD = "gnu++14";
				CLANG_CXX_LIBRARY = "libc++";
				CLANG_ENABLE_MODULES = YES;
				CLANG_ENABLE_OBJC_ARC = YES;
				CLANG_ENABLE_OBJC_WEAK = YES;
				CLANG_WARN_BLOCK_CAPTURE_AUTORELEASING = YES;
				CLANG_WARN_BOOL_CONVERSION = YES;
				CLANG_WARN_COMMA = YES;
				CLANG_WARN_CONSTANT_CONVERSION = YES;
				CLANG_WARN_DEPRECATED_OBJC_IMPLEMENTATIONS = YES;
				CLANG_WARN_DIRECT_OBJC_ISA_USAGE = YES_ERROR;
				CLANG_WARN_DOCUMENTATION_COMMENTS = YES;
				CLANG_WARN_EMPTY_BODY = YES;
				CLANG_WARN_ENUM_CONVERSION = YES;
				CLANG_WARN_INFINITE_RECURSION = YES;
				CLANG_WARN_INT_CONVERSION = YES;
				CLANG_WARN_NON_LITERAL_NULL_CONVERSION = YES;
				CLANG_WARN_OBJC_IMPLICIT_RETAIN_SELF = YES;
				CLANG_WARN_OBJC_LITERAL_CONVERSION = YES;
				CLANG_WARN_OBJC_ROOT_CLASS = YES_ERROR;
				CLANG_WARN_RANGE_LOOP_ANALYSIS = YES;
				CLANG_WARN_STRICT_PROTOTYPES = YES;
				CLANG_WARN_SUSPICIOUS_MOVE = YES;
				CLANG_WARN_UNGUARDED_AVAILABILITY = YES_AGGRESSIVE;
				CLANG_WARN_UNREACHABLE_CODE = YES;
				CLANG_WARN__DUPLICATE_METHOD_MATCH = YES;
				CODE_SIGN_IDENTITY = "iPhone Developer";
				COPY_PHASE_STRIP = NO;
				DEBUG_INFORMATION_FORMAT = dwarf;
				ENABLE_STRICT_OBJC_MSGSEND = YES;
				ENABLE_TESTABILITY = YES;
				GCC_C_LANGUAGE_STANDARD = gnu11;
				GCC_DYNAMIC_NO_PIC = NO;
				GCC_NO_COMMON_BLOCKS = YES;
				GCC_OPTIMIZATION_LEVEL = 0;
				GCC_PREPROCESSOR_DEFINITIONS = (
					"DEBUG=1",
					"$(inherited)",
				);
				GCC_WARN_64_TO_32_BIT_CONVERSION = YES;
				GCC_WARN_ABOUT_RETURN_TYPE = YES_ERROR;
				GCC_WARN_UNDECLARED_SELECTOR = YES;
				GCC_WARN_UNINITIALIZED_AUTOS = YES_AGGRESSIVE;
				GCC_WARN_UNUSED_FUNCTION = YES;
				GCC_WARN_UNUSED_VARIABLE = YES;
				IPHONEOS_DEPLOYMENT_TARGET = 12.0;
				MTL_ENABLE_DEBUG_INFO = INCLUDE_SOURCE;
				MTL_FAST_MATH = YES;
				ONLY_ACTIVE_ARCH = YES;
				SDKROOT = iphoneos;
				SWIFT_ACTIVE_COMPILATION_CONDITIONS = DEBUG;
				SWIFT_OPTIMIZATION_LEVEL = "-Onone";
			};
			name = Debug;
		};
		95860DFA21B6D3BD00D6E1B2 /* Release */ = {
			isa = XCBuildConfiguration;
			buildSettings = {
				ALWAYS_SEARCH_USER_PATHS = NO;
				CLANG_ANALYZER_NONNULL = YES;
				CLANG_ANALYZER_NUMBER_OBJECT_CONVERSION = YES_AGGRESSIVE;
				CLANG_CXX_LANGUAGE_STANDARD = "gnu++14";
				CLANG_CXX_LIBRARY = "libc++";
				CLANG_ENABLE_MODULES = YES;
				CLANG_ENABLE_OBJC_ARC = YES;
				CLANG_ENABLE_OBJC_WEAK = YES;
				CLANG_WARN_BLOCK_CAPTURE_AUTORELEASING = YES;
				CLANG_WARN_BOOL_CONVERSION = YES;
				CLANG_WARN_COMMA = YES;
				CLANG_WARN_CONSTANT_CONVERSION = YES;
				CLANG_WARN_DEPRECATED_OBJC_IMPLEMENTATIONS = YES;
				CLANG_WARN_DIRECT_OBJC_ISA_USAGE = YES_ERROR;
				CLANG_WARN_DOCUMENTATION_COMMENTS = YES;
				CLANG_WARN_EMPTY_BODY = YES;
				CLANG_WARN_ENUM_CONVERSION = YES;
				CLANG_WARN_INFINITE_RECURSION = YES;
				CLANG_WARN_INT_CONVERSION = YES;
				CLANG_WARN_NON_LITERAL_NULL_CONVERSION = YES;
				CLANG_WARN_OBJC_IMPLICIT_RETAIN_SELF = YES;
				CLANG_WARN_OBJC_LITERAL_CONVERSION = YES;
				CLANG_WARN_OBJC_ROOT_CLASS = YES_ERROR;
				CLANG_WARN_RANGE_LOOP_ANALYSIS = YES;
				CLANG_WARN_STRICT_PROTOTYPES = YES;
				CLANG_WARN_SUSPICIOUS_MOVE = YES;
				CLANG_WARN_UNGUARDED_AVAILABILITY = YES_AGGRESSIVE;
				CLANG_WARN_UNREACHABLE_CODE = YES;
				CLANG_WARN__DUPLICATE_METHOD_MATCH = YES;
				CODE_SIGN_IDENTITY = "iPhone Developer";
				COPY_PHASE_STRIP = NO;
				DEBUG_INFORMATION_FORMAT = "dwarf-with-dsym";
				ENABLE_NS_ASSERTIONS = NO;
				ENABLE_STRICT_OBJC_MSGSEND = YES;
				GCC_C_LANGUAGE_STANDARD = gnu11;
				GCC_NO_COMMON_BLOCKS = YES;
				GCC_WARN_64_TO_32_BIT_CONVERSION = YES;
				GCC_WARN_ABOUT_RETURN_TYPE = YES_ERROR;
				GCC_WARN_UNDECLARED_SELECTOR = YES;
				GCC_WARN_UNINITIALIZED_AUTOS = YES_AGGRESSIVE;
				GCC_WARN_UNUSED_FUNCTION = YES;
				GCC_WARN_UNUSED_VARIABLE = YES;
				IPHONEOS_DEPLOYMENT_TARGET = 12.0;
				MTL_ENABLE_DEBUG_INFO = NO;
				MTL_FAST_MATH = YES;
				SDKROOT = iphoneos;
				SWIFT_COMPILATION_MODE = wholemodule;
				SWIFT_OPTIMIZATION_LEVEL = "-O";
				VALIDATE_PRODUCT = YES;
			};
			name = Release;
		};
		95860DFC21B6D3BD00D6E1B2 /* Debug */ = {
			isa = XCBuildConfiguration;
			buildSettings = {
				ASSETCATALOG_COMPILER_APPICON_NAME = AppIcon;
				CODE_SIGN_STYLE = Automatic;
				INFOPLIST_FILE = "$(SRCROOT)/Abstractions/Resources/Info.plist";
				LD_RUNPATH_SEARCH_PATHS = (
					"$(inherited)",
					"@executable_path/Frameworks",
				);
				PRODUCT_BUNDLE_IDENTIFIER = CTEC.Abstractions;
				PRODUCT_NAME = "$(TARGET_NAME)";
				SWIFT_VERSION = 4.2;
				TARGETED_DEVICE_FAMILY = "1,2";
			};
			name = Debug;
		};
		95860DFD21B6D3BD00D6E1B2 /* Release */ = {
			isa = XCBuildConfiguration;
			buildSettings = {
				ASSETCATALOG_COMPILER_APPICON_NAME = AppIcon;
				CODE_SIGN_STYLE = Automatic;
				INFOPLIST_FILE = "$(SRCROOT)/Abstractions/Resources/Info.plist";
				LD_RUNPATH_SEARCH_PATHS = (
					"$(inherited)",
					"@executable_path/Frameworks",
				);
				PRODUCT_BUNDLE_IDENTIFIER = CTEC.Abstractions;
				PRODUCT_NAME = "$(TARGET_NAME)";
				SWIFT_VERSION = 4.2;
				TARGETED_DEVICE_FAMILY = "1,2";
			};
			name = Release;
		};
/* End XCBuildConfiguration section */

/* Begin XCConfigurationList section */
		95860DE421B6D3B400D6E1B2 /* Build configuration list for PBXProject "Abstractions" */ = {
			isa = XCConfigurationList;
			buildConfigurations = (
				95860DF921B6D3BD00D6E1B2 /* Debug */,
				95860DFA21B6D3BD00D6E1B2 /* Release */,
			);
			defaultConfigurationIsVisible = 0;
			defaultConfigurationName = Release;
		};
		95860DFB21B6D3BD00D6E1B2 /* Build configuration list for PBXNativeTarget "Abstractions" */ = {
			isa = XCConfigurationList;
			buildConfigurations = (
				95860DFC21B6D3BD00D6E1B2 /* Debug */,
				95860DFD21B6D3BD00D6E1B2 /* Release */,
			);
			defaultConfigurationIsVisible = 0;
			defaultConfigurationName = Release;
		};
/* End XCConfigurationList section */
	};
	rootObject = 95860DE121B6D3B400D6E1B2 /* Project object */;
}
